
Microsoft Visual Studio Solution File, Format Version 11.00
# Visual Studio 2010
Project("{FAE04EC0-301F-11D3-BF4B-00C04F79EFBC}") = "Assembly-CSharp", "Assembly-CSharp.csproj", "{8e97fde9-d237-0208-965f-0ed88eb2bb3a}"
EndProject
Project("{FAE04EC0-301F-11D3-BF4B-00C04F79EFBC}") = "Assembly-CSharp-Editor", "Assembly-CSharp-Editor.csproj", "{938082d8-52a2-9237-31dc-55a2588f67e0}"
EndProject
Global
	GlobalSection(SolutionConfigurationPlatforms) = preSolution
		Debug|Any CPU = Debug|Any CPU
		Release|Any CPU = Release|Any CPU
	EndGlobalSection
	GlobalSection(ProjectConfigurationPlatforms) = postSolution
		{8e97fde9-d237-0208-965f-0ed88eb2bb3a}.Debug|Any CPU.ActiveCfg = Debug|Any CPU
		{8e97fde9-d237-0208-965f-0ed88eb2bb3a}.Debug|Any CPU.Build.0 = Debug|Any CPU
		{8e97fde9-d237-0208-965f-0ed88eb2bb3a}.Release|Any CPU.ActiveCfg = Release|Any CPU
		{8e97fde9-d237-0208-965f-0ed88eb2bb3a}.Release|Any CPU.Build.0 = Release|Any CPU
		{938082d8-52a2-9237-31dc-55a2588f67e0}.Debug|Any CPU.ActiveCfg = Debug|Any CPU
		{938082d8-52a2-9237-31dc-55a2588f67e0}.Debug|Any CPU.Build.0 = Debug|Any CPU
		{938082d8-52a2-9237-31dc-55a2588f67e0}.Release|Any CPU.ActiveCfg = Release|Any CPU
		{938082d8-52a2-9237-31dc-55a2588f67e0}.Release|Any CPU.Build.0 = Release|Any CPU
	EndGlobalSection
	GlobalSection(SolutionProperties) = preSolution
		HideSolutionNode = FALSE
	EndGlobalSection
EndGlobal
